
Microsoft Visual Studio Solution File, Format Version 12.00
# Visual Studio Version 16
VisualStudioVersion = 16.0.28803.202
MinimumVisualStudioVersion = 10.0.40219.1
Project("{FAE04EC0-301F-11D3-BF4B-00C04F79EFBC}") = "Core", "Core\Core.csproj", "{36ED398C-DE89-4F22-B9CD-08CCD5980681}"
EndProject
Project("{FAE04EC0-301F-11D3-BF4B-00C04F79EFBC}") = "UnitTests", "UnitTests\UnitTests.csproj", "{4F7B56EB-330D-4506-9AB7-F48912244A60}"
EndProject
Global
	GlobalSection(SolutionConfigurationPlatforms) = preSolution
		Debug|Any CPU = Debug|Any CPU
		Release|Any CPU = Release|Any CPU
	EndGlobalSection
	GlobalSection(ProjectConfigurationPlatforms) = postSolution
		{36ED398C-DE89-4F22-B9CD-08CCD5980681}.Debug|Any CPU.ActiveCfg = Debug|Any CPU
		{36ED398C-DE89-4F22-B9CD-08CCD5980681}.Debug|Any CPU.Build.0 = Debug|Any CPU
		{36ED398C-DE89-4F22-B9CD-08CCD5980681}.Release|Any CPU.ActiveCfg = Release|Any CPU
		{36ED398C-DE89-4F22-B9CD-08CCD5980681}.Release|Any CPU.Build.0 = Release|Any CPU
		{4F7B56EB-330D-4506-9AB7-F48912244A60}.Debug|Any CPU.ActiveCfg = Debug|Any CPU
		{4F7B56EB-330D-4506-9AB7-F48912244A60}.Debug|Any CPU.Build.0 = Debug|Any CPU
		{4F7B56EB-330D-4506-9AB7-F48912244A60}.Release|Any CPU.ActiveCfg = Release|Any CPU
		{4F7B56EB-330D-4506-9AB7-F48912244A60}.Release|Any CPU.Build.0 = Release|Any CPU
	EndGlobalSection
	GlobalSection(SolutionProperties) = preSolution
		HideSolutionNode = FALSE
	EndGlobalSection
	GlobalSection(ExtensibilityGlobals) = postSolution
		SolutionGuid = {65CC9F54-5456-40A0-9F6E-3C935C9AEE3C}
	EndGlobalSection
EndGlobal
